
Microsoft Visual Studio Solution File, Format Version 12.00
# Visual Studio Version 16
VisualStudioVersion = 16.0.31410.357
MinimumVisualStudioVersion = 10.0.40219.1
Project("{9A19103F-16F7-4668-BE54-9A1E7A4F7556}") = "DynamoDBApi", ".\DynamoDBApi.csproj", "{1B2A53A9-0577-4879-84BC-E3BB85C4F62E}"
EndProject
Global
	GlobalSection(SolutionConfigurationPlatforms) = preSolution
		Debug|Any CPU = Debug|Any CPU
		Release|Any CPU = Release|Any CPU
	EndGlobalSection
	GlobalSection(ProjectConfigurationPlatforms) = postSolution
		{1B2A53A9-0577-4879-84BC-E3BB85C4F62E}.Debug|Any CPU.ActiveCfg = Debug|Any CPU
		{1B2A53A9-0577-4879-84BC-E3BB85C4F62E}.Debug|Any CPU.Build.0 = Debug|Any CPU
		{1B2A53A9-0577-4879-84BC-E3BB85C4F62E}.Release|Any CPU.ActiveCfg = Release|Any CPU
		{1B2A53A9-0577-4879-84BC-E3BB85C4F62E}.Release|Any CPU.Build.0 = Release|Any CPU
	EndGlobalSection
	GlobalSection(SolutionProperties) = preSolution
		HideSolutionNode = FALSE
	EndGlobalSection
	GlobalSection(ExtensibilityGlobals) = postSolution
		SolutionGuid = {A1D914A7-C583-4F27-80F7-CD0F869084BF}
	EndGlobalSection
EndGlobal
